{
  "name": "nanomind",
  "version": "0.1.0",
  "lockfileVersion": 3,
  "requires": true,
  "packages": {
    "": {
      "name": "nanomind",
      "version": "0.1.0",
      "license": "MIT",
      "workspaces": [
        "packages/*",
        "integrations/*"
      ],
      "devDependencies": {
        "@types/node": "^25.5.0",
        "typescript": "^6.0.2"
      }
    },
    "integrations/hma": {
      "name": "@nanomind/hma-adapter",
      "version": "0.1.0",
      "license": "MIT",
      "dependencies": {
        "@nanomind/cli": "0.1.0"
      }
    },
    "integrations/hma/node_modules/@nanomind/atc": {
      "version": "0.1.0",
      "resolved": "https://registry.npmjs.org/@nanomind/atc/-/atc-0.1.0.tgz",
      "integrity": "sha512-WT856kKPuqnwNsIDH787hxMzhmtvn/lp4zfZCDWBCa3KQWVWRRn+GShQiVorDMVwynsKj/hUhWOtzw2fFeRYjw==",
      "license": "MIT"
    },
    "integrations/hma/node_modules/@nanomind/cli": {
      "version": "0.1.0",
      "resolved": "https://registry.npmjs.org/@nanomind/cli/-/cli-0.1.0.tgz",
      "integrity": "sha512-dDX6wWujQjCdgh9LmmIBlnPga+bYu6PqR/eqvwG8g7vjyWIzdUj7R/FeviqEkf/U/ugH63e2AEEdbzIS/yntxQ==",
      "license": "MIT",
      "dependencies": {
        "@nanomind/atc": "0.1.0",
        "@nanomind/engine": "0.1.0",
        "@nanomind/guard": "0.1.0",
        "@nanomind/router": "0.1.0"
      },
      "bin": {
        "nanomind": "dist/index.js"
      }
    },
    "integrations/hma/node_modules/@nanomind/engine": {
      "version": "0.1.0",
      "resolved": "https://registry.npmjs.org/@nanomind/engine/-/engine-0.1.0.tgz",
      "integrity": "sha512-UbqkWZ+SDGH0Rch9zCYPPx8s3b/uxA0S2cEftLe0VbvyU33UdsHK9YWIrXiV6yXJLtXsaZmYgUHaVSkqls03rA==",
      "license": "MIT"
    },
    "integrations/hma/node_modules/@nanomind/guard": {
      "version": "0.1.0",
      "resolved": "https://registry.npmjs.org/@nanomind/guard/-/guard-0.1.0.tgz",
      "integrity": "sha512-GyzfMcTKVlbEiBL6dmy76vsvix+ltTKItiZJdZegXF5l+NyEnFOOYm4LJAXewm9yRX9H3FTSUC1m2INfBY55hw==",
      "license": "MIT"
    },
    "integrations/hma/node_modules/@nanomind/router": {
      "version": "0.1.0",
      "resolved": "https://registry.npmjs.org/@nanomind/router/-/router-0.1.0.tgz",
      "integrity": "sha512-uSdRWyiGb2qTHCv8NUjTSZVk1whI+BD5kyg4h7grcHs66EIuiIFe+e6lT7mly0wwh50LF6X26Rat6QW/dNVuxQ==",
      "license": "MIT",
      "dependencies": {
        "@nanomind/engine": "0.1.0"
      }
    },
    "integrations/opena2a": {
      "name": "@nanomind/opena2a-adapter",
      "version": "0.1.0",
      "license": "MIT",
      "dependencies": {
        "@nanomind/cli": "0.1.0"
      }
    },
    "integrations/opena2a/node_modules/@nanomind/atc": {
      "version": "0.1.0",
      "resolved": "https://registry.npmjs.org/@nanomind/atc/-/atc-0.1.0.tgz",
      "integrity": "sha512-WT856kKPuqnwNsIDH787hxMzhmtvn/lp4zfZCDWBCa3KQWVWRRn+GShQiVorDMVwynsKj/hUhWOtzw2fFeRYjw==",
      "license": "MIT"
    },
    "integrations/opena2a/node_modules/@nanomind/cli": {
      "version": "0.1.0",
      "resolved": "https://registry.npmjs.org/@nanomind/cli/-/cli-0.1.0.tgz",
      "integrity": "sha512-dDX6wWujQjCdgh9LmmIBlnPga+bYu6PqR/eqvwG8g7vjyWIzdUj7R/FeviqEkf/U/ugH63e2AEEdbzIS/yntxQ==",
      "license": "MIT",
      "dependencies": {
        "@nanomind/atc": "0.1.0",
        "@nanomind/engine": "0.1.0",
        "@nanomind/guard": "0.1.0",
        "@nanomind/router": "0.1.0"
      },
      "bin": {
        "nanomind": "dist/index.js"
      }
    },
    "integrations/opena2a/node_modules/@nanomind/engine": {
      "version": "0.1.0",
      "resolved": "https://registry.npmjs.org/@nanomind/engine/-/engine-0.1.0.tgz",
      "integrity": "sha512-UbqkWZ+SDGH0Rch9zCYPPx8s3b/uxA0S2cEftLe0VbvyU33UdsHK9YWIrXiV6yXJLtXsaZmYgUHaVSkqls03rA==",
      "license": "MIT"
    },
    "integrations/opena2a/node_modules/@nanomind/guard": {
      "version": "0.1.0",
      "resolved": "https://registry.npmjs.org/@nanomind/guard/-/guard-0.1.0.tgz",
      "integrity": "sha512-GyzfMcTKVlbEiBL6dmy76vsvix+ltTKItiZJdZegXF5l+NyEnFOOYm4LJAXewm9yRX9H3FTSUC1m2INfBY55hw==",
      "license": "MIT"
    },
    "integrations/opena2a/node_modules/@nanomind/router": {
      "version": "0.1.0",
      "resolved": "https://registry.npmjs.org/@nanomind/router/-/router-0.1.0.tgz",
      "integrity": "sha512-uSdRWyiGb2qTHCv8NUjTSZVk1whI+BD5kyg4h7grcHs66EIuiIFe+e6lT7mly0wwh50LF6X26Rat6QW/dNVuxQ==",
      "license": "MIT",
      "dependencies": {
        "@nanomind/engine": "0.1.0"
      }
    },
    "integrations/secretless-ai": {
      "name": "@nanomind/secretless-adapter",
      "version": "0.1.0",
      "license": "MIT",
      "dependencies": {
        "@nanomind/cli": "0.1.0"
      }
    },
    "integrations/secretless-ai/node_modules/@nanomind/atc": {
      "version": "0.1.0",
      "resolved": "https://registry.npmjs.org/@nanomind/atc/-/atc-0.1.0.tgz",
      "integrity": "sha512-WT856kKPuqnwNsIDH787hxMzhmtvn/lp4zfZCDWBCa3KQWVWRRn+GShQiVorDMVwynsKj/hUhWOtzw2fFeRYjw==",
      "license": "MIT"
    },
    "integrations/secretless-ai/node_modules/@nanomind/cli": {
      "version": "0.1.0",
      "resolved": "https://registry.npmjs.org/@nanomind/cli/-/cli-0.1.0.tgz",
      "integrity": "sha512-dDX6wWujQjCdgh9LmmIBlnPga+bYu6PqR/eqvwG8g7vjyWIzdUj7R/FeviqEkf/U/ugH63e2AEEdbzIS/yntxQ==",
      "license": "MIT",
      "dependencies": {
        "@nanomind/atc": "0.1.0",
        "@nanomind/engine": "0.1.0",
        "@nanomind/guard": "0.1.0",
        "@nanomind/router": "0.1.0"
      },
      "bin": {
        "nanomind": "dist/index.js"
      }
    },
    "integrations/secretless-ai/node_modules/@nanomind/engine": {
      "version": "0.1.0",
      "resolved": "https://registry.npmjs.org/@nanomind/engine/-/engine-0.1.0.tgz",
      "integrity": "sha512-UbqkWZ+SDGH0Rch9zCYPPx8s3b/uxA0S2cEftLe0VbvyU33UdsHK9YWIrXiV6yXJLtXsaZmYgUHaVSkqls03rA==",
      "license": "MIT"
    },
    "integrations/secretless-ai/node_modules/@nanomind/guard": {
      "version": "0.1.0",
      "resolved": "https://registry.npmjs.org/@nanomind/guard/-/guard-0.1.0.tgz",
      "integrity": "sha512-GyzfMcTKVlbEiBL6dmy76vsvix+ltTKItiZJdZegXF5l+NyEnFOOYm4LJAXewm9yRX9H3FTSUC1m2INfBY55hw==",
      "license": "MIT"
    },
    "integrations/secretless-ai/node_modules/@nanomind/router": {
      "version": "0.1.0",
      "resolved": "https://registry.npmjs.org/@nanomind/router/-/router-0.1.0.tgz",
      "integrity": "sha512-uSdRWyiGb2qTHCv8NUjTSZVk1whI+BD5kyg4h7grcHs66EIuiIFe+e6lT7mly0wwh50LF6X26Rat6QW/dNVuxQ==",
      "license": "MIT",
      "dependencies": {
        "@nanomind/engine": "0.1.0"
      }
    },
    "node_modules/@nanomind/atc": {
      "resolved": "packages/nanomind-atc",
      "link": true
    },
    "node_modules/@nanomind/cli": {
      "resolved": "packages/nanomind-cli",
      "link": true
    },
    "node_modules/@nanomind/daemon": {
      "resolved": "packages/nanomind-daemon",
      "link": true
    },
    "node_modules/@nanomind/engine": {
      "resolved": "packages/nanomind-engine",
      "link": true
    },
    "node_modules/@nanomind/guard": {
      "resolved": "packages/nanomind-guard",
      "link": true
    },
    "node_modules/@nanomind/hma-adapter": {
      "resolved": "integrations/hma",
      "link": true
    },
    "node_modules/@nanomind/opena2a-adapter": {
      "resolved": "integrations/opena2a",
      "link": true
    },
    "node_modules/@nanomind/router": {
      "resolved": "packages/nanomind-router",
      "link": true
    },
    "node_modules/@nanomind/runtime-core": {
      "resolved": "packages/nanomind-runtime-core",
      "link": true
    },
    "node_modules/@nanomind/secretless-adapter": {
      "resolved": "integrations/secretless-ai",
      "link": true
    },
    "node_modules/@types/node": {
      "version": "25.5.0",
      "resolved": "https://registry.npmjs.org/@types/node/-/node-25.5.0.tgz",
      "integrity": "sha512-jp2P3tQMSxWugkCUKLRPVUpGaL5MVFwF8RDuSRztfwgN1wmqJeMSbKlnEtQqU8UrhTmzEmZdu2I6v2dpp7XIxw==",
      "dev": true,
      "license": "MIT",
      "dependencies": {
        "undici-types": "~7.18.0"
      }
    },
    "node_modules/typescript": {
      "version": "6.0.2",
      "resolved": "https://registry.npmjs.org/typescript/-/typescript-6.0.2.tgz",
      "integrity": "sha512-bGdAIrZ0wiGDo5l8c++HWtbaNCWTS4UTv7RaTH/ThVIgjkveJt83m74bBHMJkuCbslY8ixgLBVZJIOiQlQTjfQ==",
      "dev": true,
      "license": "Apache-2.0",
      "bin": {
        "tsc": "bin/tsc",
        "tsserver": "bin/tsserver"
      },
      "engines": {
        "node": ">=14.17"
      }
    },
    "node_modules/undici-types": {
      "version": "7.18.2",
      "resolved": "https://registry.npmjs.org/undici-types/-/undici-types-7.18.2.tgz",
      "integrity": "sha512-AsuCzffGHJybSaRrmr5eHr81mwJU3kjw6M+uprWvCXiNeN9SOGwQ3Jn8jb8m3Z6izVgknn1R0FTCEAP2QrLY/w==",
      "dev": true,
      "license": "MIT"
    },
    "packages/nanomind-atc": {
      "name": "@nanomind/atc",
      "version": "0.1.1",
      "license": "MIT"
    },
    "packages/nanomind-cli": {
      "name": "@nanomind/cli",
      "version": "0.1.1",
      "license": "MIT",
      "dependencies": {
        "@nanomind/atc": "0.1.0",
        "@nanomind/engine": "0.1.0",
        "@nanomind/guard": "0.1.0",
        "@nanomind/router": "0.1.0"
      },
      "bin": {
        "nanomind": "dist/index.js"
      }
    },
    "packages/nanomind-cli/node_modules/@nanomind/atc": {
      "version": "0.1.0",
      "resolved": "https://registry.npmjs.org/@nanomind/atc/-/atc-0.1.0.tgz",
      "integrity": "sha512-WT856kKPuqnwNsIDH787hxMzhmtvn/lp4zfZCDWBCa3KQWVWRRn+GShQiVorDMVwynsKj/hUhWOtzw2fFeRYjw==",
      "license": "MIT"
    },
    "packages/nanomind-cli/node_modules/@nanomind/engine": {
      "version": "0.1.0",
      "resolved": "https://registry.npmjs.org/@nanomind/engine/-/engine-0.1.0.tgz",
      "integrity": "sha512-UbqkWZ+SDGH0Rch9zCYPPx8s3b/uxA0S2cEftLe0VbvyU33UdsHK9YWIrXiV6yXJLtXsaZmYgUHaVSkqls03rA==",
      "license": "MIT"
    },
    "packages/nanomind-cli/node_modules/@nanomind/guard": {
      "version": "0.1.0",
      "resolved": "https://registry.npmjs.org/@nanomind/guard/-/guard-0.1.0.tgz",
      "integrity": "sha512-GyzfMcTKVlbEiBL6dmy76vsvix+ltTKItiZJdZegXF5l+NyEnFOOYm4LJAXewm9yRX9H3FTSUC1m2INfBY55hw==",
      "license": "MIT"
    },
    "packages/nanomind-cli/node_modules/@nanomind/router": {
      "version": "0.1.0",
      "resolved": "https://registry.npmjs.org/@nanomind/router/-/router-0.1.0.tgz",
      "integrity": "sha512-uSdRWyiGb2qTHCv8NUjTSZVk1whI+BD5kyg4h7grcHs66EIuiIFe+e6lT7mly0wwh50LF6X26Rat6QW/dNVuxQ==",
      "license": "MIT",
      "dependencies": {
        "@nanomind/engine": "0.1.0"
      }
    },
    "packages/nanomind-daemon": {
      "name": "@nanomind/daemon",
      "version": "0.1.0",
      "license": "MIT",
      "dependencies": {
        "@nanomind/engine": "*",
        "@nanomind/router": "*"
      },
      "bin": {
        "nanomind-daemon": "dist/cli.js"
      },
      "devDependencies": {
        "@types/node": "^25.5.0",
        "typescript": "^5.4.0"
      }
    },
    "packages/nanomind-daemon/node_modules/typescript": {
      "version": "5.9.3",
      "resolved": "https://registry.npmjs.org/typescript/-/typescript-5.9.3.tgz",
      "integrity": "sha512-jl1vZzPDinLr9eUt3J/t7V6FgNEw9QjvBPdysz9KfQDD41fQrC2Y4vKQdiaUpFT4bXlb1RHhLpp8wtm6M5TgSw==",
      "dev": true,
      "license": "Apache-2.0",
      "bin": {
        "tsc": "bin/tsc",
        "tsserver": "bin/tsserver"
      },
      "engines": {
        "node": ">=14.17"
      }
    },
    "packages/nanomind-engine": {
      "name": "@nanomind/engine",
      "version": "0.1.1",
      "license": "MIT",
      "devDependencies": {
        "typescript": "^5.4.0"
      }
    },
    "packages/nanomind-engine/node_modules/typescript": {
      "version": "5.9.3",
      "resolved": "https://registry.npmjs.org/typescript/-/typescript-5.9.3.tgz",
      "integrity": "sha512-jl1vZzPDinLr9eUt3J/t7V6FgNEw9QjvBPdysz9KfQDD41fQrC2Y4vKQdiaUpFT4bXlb1RHhLpp8wtm6M5TgSw==",
      "dev": true,
      "license": "Apache-2.0",
      "bin": {
        "tsc": "bin/tsc",
        "tsserver": "bin/tsserver"
      },
      "engines": {
        "node": ">=14.17"
      }
    },
    "packages/nanomind-guard": {
      "name": "@nanomind/guard",
      "version": "0.1.1",
      "license": "MIT"
    },
    "packages/nanomind-router": {
      "name": "@nanomind/router",
      "version": "0.1.1",
      "license": "MIT",
      "dependencies": {
        "@nanomind/engine": "0.1.0"
      },
      "devDependencies": {
        "typescript": "^5.4.0"
      }
    },
    "packages/nanomind-router/node_modules/@nanomind/engine": {
      "version": "0.1.0",
      "resolved": "https://registry.npmjs.org/@nanomind/engine/-/engine-0.1.0.tgz",
      "integrity": "sha512-UbqkWZ+SDGH0Rch9zCYPPx8s3b/uxA0S2cEftLe0VbvyU33UdsHK9YWIrXiV6yXJLtXsaZmYgUHaVSkqls03rA==",
      "license": "MIT"
    },
    "packages/nanomind-router/node_modules/typescript": {
      "version": "5.9.3",
      "resolved": "https://registry.npmjs.org/typescript/-/typescript-5.9.3.tgz",
      "integrity": "sha512-jl1vZzPDinLr9eUt3J/t7V6FgNEw9QjvBPdysz9KfQDD41fQrC2Y4vKQdiaUpFT4bXlb1RHhLpp8wtm6M5TgSw==",
      "dev": true,
      "license": "Apache-2.0",
      "bin": {
        "tsc": "bin/tsc",
        "tsserver": "bin/tsserver"
      },
      "engines": {
        "node": ">=14.17"
      }
    },
    "packages/nanomind-runtime-core": {
      "name": "@nanomind/runtime-core",
      "version": "0.1.0",
      "license": "MIT"
    }
  }
}
